id: wrsmith108-varlock-claude-skill-varlock
display_name: varlock
description: Secure environment variable management with Varlock. Use when handling
  secrets, API keys, credentials, or any sensitive configuration. Ensures secrets
  are never exposed in terminals, logs, traces, or Claude's context. Trigger phrases
  include "environment variables", "secrets", ".env", "API key", "credentials", "sensitive",
  "Varlock".
authors:
- wrsmith108
is_official: false
tags: []
category: none
source:
  path: /skills/varlock
  repo: wrsmith108/varlock-claude-skill
metadata:
  stars: 25
added_at: '2026-06-14'
